
Microsoft Visual Studio Solution File, Format Version 12.00
# Visual Studio Version 17
VisualStudioVersion = 17.7.34031.279
MinimumVisualStudioVersion = 10.0.40219.1
Project("{FAE04EC0-301F-11D3-BF4B-00C04F79EFBC}") = "Day of Week", "Day of Week\Day of Week.csproj", "{6408C061-0094-49E2-B6A7-CB62A2D22D0E}"
EndProject
Global
	GlobalSection(SolutionConfigurationPlatforms) = preSolution
		Debug|Any CPU = Debug|Any CPU
		Release|Any CPU = Release|Any CPU
	EndGlobalSection
	GlobalSection(ProjectConfigurationPlatforms) = postSolution
		{6408C061-0094-49E2-B6A7-CB62A2D22D0E}.Debug|Any CPU.ActiveCfg = Debug|Any CPU
		{6408C061-0094-49E2-B6A7-CB62A2D22D0E}.Debug|Any CPU.Build.0 = Debug|Any CPU
		{6408C061-0094-49E2-B6A7-CB62A2D22D0E}.Release|Any CPU.ActiveCfg = Release|Any CPU
		{6408C061-0094-49E2-B6A7-CB62A2D22D0E}.Release|Any CPU.Build.0 = Release|Any CPU
	EndGlobalSection
	GlobalSection(SolutionProperties) = preSolution
		HideSolutionNode = FALSE
	EndGlobalSection
	GlobalSection(ExtensibilityGlobals) = postSolution
		SolutionGuid = {4E251374-CD16-401B-9AC8-A94F73E264A9}
	EndGlobalSection
EndGlobal
