
Microsoft Visual Studio Solution File, Format Version 12.00
# Visual Studio Version 17
VisualStudioVersion = 17.7.34031.279
MinimumVisualStudioVersion = 10.0.40219.1
Project("{FAE04EC0-301F-11D3-BF4B-00C04F79EFBC}") = "Four Operations", "Four Operations\Four Operations.csproj", "{3B380648-92E7-45B0-A127-B8AE3CB554AD}"
EndProject
Global
	GlobalSection(SolutionConfigurationPlatforms) = preSolution
		Debug|Any CPU = Debug|Any CPU
		Release|Any CPU = Release|Any CPU
	EndGlobalSection
	GlobalSection(ProjectConfigurationPlatforms) = postSolution
		{3B380648-92E7-45B0-A127-B8AE3CB554AD}.Debug|Any CPU.ActiveCfg = Debug|Any CPU
		{3B380648-92E7-45B0-A127-B8AE3CB554AD}.Debug|Any CPU.Build.0 = Debug|Any CPU
		{3B380648-92E7-45B0-A127-B8AE3CB554AD}.Release|Any CPU.ActiveCfg = Release|Any CPU
		{3B380648-92E7-45B0-A127-B8AE3CB554AD}.Release|Any CPU.Build.0 = Release|Any CPU
	EndGlobalSection
	GlobalSection(SolutionProperties) = preSolution
		HideSolutionNode = FALSE
	EndGlobalSection
	GlobalSection(ExtensibilityGlobals) = postSolution
		SolutionGuid = {6DBC4D4D-E789-4523-B0F2-ECAC44082039}
	EndGlobalSection
EndGlobal
