
Microsoft Visual Studio Solution File, Format Version 12.00
# Visual Studio Version 17
VisualStudioVersion = 17.7.34031.279
MinimumVisualStudioVersion = 10.0.40219.1
Project("{FAE04EC0-301F-11D3-BF4B-00C04F79EFBC}") = "Boiling Water", "Boiling Water\Boiling Water.csproj", "{DDD9C190-B781-4423-9262-E83D35E6A1E6}"
EndProject
Global
	GlobalSection(SolutionConfigurationPlatforms) = preSolution
		Debug|Any CPU = Debug|Any CPU
		Release|Any CPU = Release|Any CPU
	EndGlobalSection
	GlobalSection(ProjectConfigurationPlatforms) = postSolution
		{DDD9C190-B781-4423-9262-E83D35E6A1E6}.Debug|Any CPU.ActiveCfg = Debug|Any CPU
		{DDD9C190-B781-4423-9262-E83D35E6A1E6}.Debug|Any CPU.Build.0 = Debug|Any CPU
		{DDD9C190-B781-4423-9262-E83D35E6A1E6}.Release|Any CPU.ActiveCfg = Release|Any CPU
		{DDD9C190-B781-4423-9262-E83D35E6A1E6}.Release|Any CPU.Build.0 = Release|Any CPU
	EndGlobalSection
	GlobalSection(SolutionProperties) = preSolution
		HideSolutionNode = FALSE
	EndGlobalSection
	GlobalSection(ExtensibilityGlobals) = postSolution
		SolutionGuid = {AF470815-A402-4B4D-A701-8BA73D558226}
	EndGlobalSection
EndGlobal
