
Microsoft Visual Studio Solution File, Format Version 12.00
# Visual Studio Version 17
VisualStudioVersion = 17.7.34031.279
MinimumVisualStudioVersion = 10.0.40219.1
Project("{FAE04EC0-301F-11D3-BF4B-00C04F79EFBC}") = "Aquarium", "Aquarium\Aquarium.csproj", "{E4A510AF-05DA-4FE9-8207-6A3FF3D33A8D}"
EndProject
Global
	GlobalSection(SolutionConfigurationPlatforms) = preSolution
		Debug|Any CPU = Debug|Any CPU
		Release|Any CPU = Release|Any CPU
	EndGlobalSection
	GlobalSection(ProjectConfigurationPlatforms) = postSolution
		{E4A510AF-05DA-4FE9-8207-6A3FF3D33A8D}.Debug|Any CPU.ActiveCfg = Debug|Any CPU
		{E4A510AF-05DA-4FE9-8207-6A3FF3D33A8D}.Debug|Any CPU.Build.0 = Debug|Any CPU
		{E4A510AF-05DA-4FE9-8207-6A3FF3D33A8D}.Release|Any CPU.ActiveCfg = Release|Any CPU
		{E4A510AF-05DA-4FE9-8207-6A3FF3D33A8D}.Release|Any CPU.Build.0 = Release|Any CPU
	EndGlobalSection
	GlobalSection(SolutionProperties) = preSolution
		HideSolutionNode = FALSE
	EndGlobalSection
	GlobalSection(ExtensibilityGlobals) = postSolution
		SolutionGuid = {7E9EBCB6-5B3F-4899-B796-923D827353C4}
	EndGlobalSection
EndGlobal
