
Microsoft Visual Studio Solution File, Format Version 12.00
# Visual Studio Version 17
VisualStudioVersion = 17.7.34031.279
MinimumVisualStudioVersion = 10.0.40219.1
Project("{FAE04EC0-301F-11D3-BF4B-00C04F79EFBC}") = "Largest Number Out of Three", "Largest Number Out of Three\Largest Number Out of Three.csproj", "{5917AA8F-381D-46AF-A822-39CA1C491887}"
EndProject
Global
	GlobalSection(SolutionConfigurationPlatforms) = preSolution
		Debug|Any CPU = Debug|Any CPU
		Release|Any CPU = Release|Any CPU
	EndGlobalSection
	GlobalSection(ProjectConfigurationPlatforms) = postSolution
		{5917AA8F-381D-46AF-A822-39CA1C491887}.Debug|Any CPU.ActiveCfg = Debug|Any CPU
		{5917AA8F-381D-46AF-A822-39CA1C491887}.Debug|Any CPU.Build.0 = Debug|Any CPU
		{5917AA8F-381D-46AF-A822-39CA1C491887}.Release|Any CPU.ActiveCfg = Release|Any CPU
		{5917AA8F-381D-46AF-A822-39CA1C491887}.Release|Any CPU.Build.0 = Release|Any CPU
	EndGlobalSection
	GlobalSection(SolutionProperties) = preSolution
		HideSolutionNode = FALSE
	EndGlobalSection
	GlobalSection(ExtensibilityGlobals) = postSolution
		SolutionGuid = {EEF2F47B-D02F-4B86-8903-40A5FDEDD107}
	EndGlobalSection
EndGlobal
