
Microsoft Visual Studio Solution File, Format Version 12.00
# Visual Studio Version 17
VisualStudioVersion = 17.7.34031.279
MinimumVisualStudioVersion = 10.0.40219.1
Project("{FAE04EC0-301F-11D3-BF4B-00C04F79EFBC}") = "Printing Triangle", "Printing Triangle\Printing Triangle.csproj", "{2EFAFB90-F6DD-41F4-A155-73D2AD978E37}"
EndProject
Global
	GlobalSection(SolutionConfigurationPlatforms) = preSolution
		Debug|Any CPU = Debug|Any CPU
		Release|Any CPU = Release|Any CPU
	EndGlobalSection
	GlobalSection(ProjectConfigurationPlatforms) = postSolution
		{2EFAFB90-F6DD-41F4-A155-73D2AD978E37}.Debug|Any CPU.ActiveCfg = Debug|Any CPU
		{2EFAFB90-F6DD-41F4-A155-73D2AD978E37}.Debug|Any CPU.Build.0 = Debug|Any CPU
		{2EFAFB90-F6DD-41F4-A155-73D2AD978E37}.Release|Any CPU.ActiveCfg = Release|Any CPU
		{2EFAFB90-F6DD-41F4-A155-73D2AD978E37}.Release|Any CPU.Build.0 = Release|Any CPU
	EndGlobalSection
	GlobalSection(SolutionProperties) = preSolution
		HideSolutionNode = FALSE
	EndGlobalSection
	GlobalSection(ExtensibilityGlobals) = postSolution
		SolutionGuid = {006A9780-F381-4185-BD26-CB5255777990}
	EndGlobalSection
EndGlobal
