
Microsoft Visual Studio Solution File, Format Version 12.00
# Visual Studio Version 17
VisualStudioVersion = 17.7.34031.279
MinimumVisualStudioVersion = 10.0.40219.1
Project("{FAE04EC0-301F-11D3-BF4B-00C04F79EFBC}") = "Redecorating", "Redecorating\Redecorating.csproj", "{FFE44EF8-21BF-4C77-BA34-E30F3677C197}"
EndProject
Global
	GlobalSection(SolutionConfigurationPlatforms) = preSolution
		Debug|Any CPU = Debug|Any CPU
		Release|Any CPU = Release|Any CPU
	EndGlobalSection
	GlobalSection(ProjectConfigurationPlatforms) = postSolution
		{FFE44EF8-21BF-4C77-BA34-E30F3677C197}.Debug|Any CPU.ActiveCfg = Debug|Any CPU
		{FFE44EF8-21BF-4C77-BA34-E30F3677C197}.Debug|Any CPU.Build.0 = Debug|Any CPU
		{FFE44EF8-21BF-4C77-BA34-E30F3677C197}.Release|Any CPU.ActiveCfg = Release|Any CPU
		{FFE44EF8-21BF-4C77-BA34-E30F3677C197}.Release|Any CPU.Build.0 = Release|Any CPU
	EndGlobalSection
	GlobalSection(SolutionProperties) = preSolution
		HideSolutionNode = FALSE
	EndGlobalSection
	GlobalSection(ExtensibilityGlobals) = postSolution
		SolutionGuid = {930FDC27-9739-47CA-929F-7EC2B8E791E6}
	EndGlobalSection
EndGlobal
