
Microsoft Visual Studio Solution File, Format Version 12.00
# Visual Studio Version 17
VisualStudioVersion = 17.7.34031.279
MinimumVisualStudioVersion = 10.0.40219.1
Project("{FAE04EC0-301F-11D3-BF4B-00C04F79EFBC}") = "Summer Outfit", "Summer Outfit\Summer Outfit.csproj", "{32E95055-B086-4190-A199-CE4DB96C6C3F}"
EndProject
Global
	GlobalSection(SolutionConfigurationPlatforms) = preSolution
		Debug|Any CPU = Debug|Any CPU
		Release|Any CPU = Release|Any CPU
	EndGlobalSection
	GlobalSection(ProjectConfigurationPlatforms) = postSolution
		{32E95055-B086-4190-A199-CE4DB96C6C3F}.Debug|Any CPU.ActiveCfg = Debug|Any CPU
		{32E95055-B086-4190-A199-CE4DB96C6C3F}.Debug|Any CPU.Build.0 = Debug|Any CPU
		{32E95055-B086-4190-A199-CE4DB96C6C3F}.Release|Any CPU.ActiveCfg = Release|Any CPU
		{32E95055-B086-4190-A199-CE4DB96C6C3F}.Release|Any CPU.Build.0 = Release|Any CPU
	EndGlobalSection
	GlobalSection(SolutionProperties) = preSolution
		HideSolutionNode = FALSE
	EndGlobalSection
	GlobalSection(ExtensibilityGlobals) = postSolution
		SolutionGuid = {29ABA603-1109-4AC1-A95D-89E2AA12506D}
	EndGlobalSection
EndGlobal
