
Microsoft Visual Studio Solution File, Format Version 12.00
# Visual Studio Version 17
VisualStudioVersion = 17.7.34031.279
MinimumVisualStudioVersion = 10.0.40219.1
Project("{FAE04EC0-301F-11D3-BF4B-00C04F79EFBC}") = "Working Hours", "Working Hours\Working Hours.csproj", "{497B9091-4C6F-4F22-A0FA-785874DED07A}"
EndProject
Global
	GlobalSection(SolutionConfigurationPlatforms) = preSolution
		Debug|Any CPU = Debug|Any CPU
		Release|Any CPU = Release|Any CPU
	EndGlobalSection
	GlobalSection(ProjectConfigurationPlatforms) = postSolution
		{497B9091-4C6F-4F22-A0FA-785874DED07A}.Debug|Any CPU.ActiveCfg = Debug|Any CPU
		{497B9091-4C6F-4F22-A0FA-785874DED07A}.Debug|Any CPU.Build.0 = Debug|Any CPU
		{497B9091-4C6F-4F22-A0FA-785874DED07A}.Release|Any CPU.ActiveCfg = Release|Any CPU
		{497B9091-4C6F-4F22-A0FA-785874DED07A}.Release|Any CPU.Build.0 = Release|Any CPU
	EndGlobalSection
	GlobalSection(SolutionProperties) = preSolution
		HideSolutionNode = FALSE
	EndGlobalSection
	GlobalSection(ExtensibilityGlobals) = postSolution
		SolutionGuid = {BB16CC21-886E-4BD6-982F-49CB17FC0B03}
	EndGlobalSection
EndGlobal
