
Microsoft Visual Studio Solution File, Format Version 12.00
# Visual Studio Version 17
VisualStudioVersion = 17.7.34031.279
MinimumVisualStudioVersion = 10.0.40219.1
Project("{FAE04EC0-301F-11D3-BF4B-00C04F79EFBC}") = "Numbers in Range", "Numbers in Range\Numbers in Range.csproj", "{17059A51-4018-4888-8184-CEB9F269E28A}"
EndProject
Global
	GlobalSection(SolutionConfigurationPlatforms) = preSolution
		Debug|Any CPU = Debug|Any CPU
		Release|Any CPU = Release|Any CPU
	EndGlobalSection
	GlobalSection(ProjectConfigurationPlatforms) = postSolution
		{17059A51-4018-4888-8184-CEB9F269E28A}.Debug|Any CPU.ActiveCfg = Debug|Any CPU
		{17059A51-4018-4888-8184-CEB9F269E28A}.Debug|Any CPU.Build.0 = Debug|Any CPU
		{17059A51-4018-4888-8184-CEB9F269E28A}.Release|Any CPU.ActiveCfg = Release|Any CPU
		{17059A51-4018-4888-8184-CEB9F269E28A}.Release|Any CPU.Build.0 = Release|Any CPU
	EndGlobalSection
	GlobalSection(SolutionProperties) = preSolution
		HideSolutionNode = FALSE
	EndGlobalSection
	GlobalSection(ExtensibilityGlobals) = postSolution
		SolutionGuid = {53545B1F-F886-47A6-9A43-694385190F62}
	EndGlobalSection
EndGlobal
