
Microsoft Visual Studio Solution File, Format Version 12.00
# Visual Studio Version 17
VisualStudioVersion = 17.7.34031.279
MinimumVisualStudioVersion = 10.0.40219.1
Project("{FAE04EC0-301F-11D3-BF4B-00C04F79EFBC}") = "Common Elements", "Common Elements\Common Elements.csproj", "{C35527A3-A57C-4457-9157-00E10A73444D}"
EndProject
Global
	GlobalSection(SolutionConfigurationPlatforms) = preSolution
		Debug|Any CPU = Debug|Any CPU
		Release|Any CPU = Release|Any CPU
	EndGlobalSection
	GlobalSection(ProjectConfigurationPlatforms) = postSolution
		{C35527A3-A57C-4457-9157-00E10A73444D}.Debug|Any CPU.ActiveCfg = Debug|Any CPU
		{C35527A3-A57C-4457-9157-00E10A73444D}.Debug|Any CPU.Build.0 = Debug|Any CPU
		{C35527A3-A57C-4457-9157-00E10A73444D}.Release|Any CPU.ActiveCfg = Release|Any CPU
		{C35527A3-A57C-4457-9157-00E10A73444D}.Release|Any CPU.Build.0 = Release|Any CPU
	EndGlobalSection
	GlobalSection(SolutionProperties) = preSolution
		HideSolutionNode = FALSE
	EndGlobalSection
	GlobalSection(ExtensibilityGlobals) = postSolution
		SolutionGuid = {BE15BCE8-E735-4007-83A6-33DF36E59C6E}
	EndGlobalSection
EndGlobal
