
Microsoft Visual Studio Solution File, Format Version 12.00
# Visual Studio Version 17
VisualStudioVersion = 17.7.34031.279
MinimumVisualStudioVersion = 10.0.40219.1
Project("{FAE04EC0-301F-11D3-BF4B-00C04F79EFBC}") = "Travel Savings", "Travel Savings\Travel Savings.csproj", "{3E7491DF-6157-4E92-A965-C4B91D049BE4}"
EndProject
Global
	GlobalSection(SolutionConfigurationPlatforms) = preSolution
		Debug|Any CPU = Debug|Any CPU
		Release|Any CPU = Release|Any CPU
	EndGlobalSection
	GlobalSection(ProjectConfigurationPlatforms) = postSolution
		{3E7491DF-6157-4E92-A965-C4B91D049BE4}.Debug|Any CPU.ActiveCfg = Debug|Any CPU
		{3E7491DF-6157-4E92-A965-C4B91D049BE4}.Debug|Any CPU.Build.0 = Debug|Any CPU
		{3E7491DF-6157-4E92-A965-C4B91D049BE4}.Release|Any CPU.ActiveCfg = Release|Any CPU
		{3E7491DF-6157-4E92-A965-C4B91D049BE4}.Release|Any CPU.Build.0 = Release|Any CPU
	EndGlobalSection
	GlobalSection(SolutionProperties) = preSolution
		HideSolutionNode = FALSE
	EndGlobalSection
	GlobalSection(ExtensibilityGlobals) = postSolution
		SolutionGuid = {0C6540B4-B0D8-49B0-A4DC-42F14103848C}
	EndGlobalSection
EndGlobal
