
Microsoft Visual Studio Solution File, Format Version 12.00
# Visual Studio Version 17
VisualStudioVersion = 17.7.34031.279
MinimumVisualStudioVersion = 10.0.40219.1
Project("{FAE04EC0-301F-11D3-BF4B-00C04F79EFBC}") = "Trapezoid Area 2", "Trapezoid Area 2\Trapezoid Area 2.csproj", "{60840CF6-471F-4E0C-A3DC-F0D7C8EBBD1A}"
EndProject
Global
	GlobalSection(SolutionConfigurationPlatforms) = preSolution
		Debug|Any CPU = Debug|Any CPU
		Release|Any CPU = Release|Any CPU
	EndGlobalSection
	GlobalSection(ProjectConfigurationPlatforms) = postSolution
		{60840CF6-471F-4E0C-A3DC-F0D7C8EBBD1A}.Debug|Any CPU.ActiveCfg = Debug|Any CPU
		{60840CF6-471F-4E0C-A3DC-F0D7C8EBBD1A}.Debug|Any CPU.Build.0 = Debug|Any CPU
		{60840CF6-471F-4E0C-A3DC-F0D7C8EBBD1A}.Release|Any CPU.ActiveCfg = Release|Any CPU
		{60840CF6-471F-4E0C-A3DC-F0D7C8EBBD1A}.Release|Any CPU.Build.0 = Release|Any CPU
	EndGlobalSection
	GlobalSection(SolutionProperties) = preSolution
		HideSolutionNode = FALSE
	EndGlobalSection
	GlobalSection(ExtensibilityGlobals) = postSolution
		SolutionGuid = {7DB22D49-BDE6-4635-AF6E-5237667A1395}
	EndGlobalSection
EndGlobal
