
Microsoft Visual Studio Solution File, Format Version 12.00
# Visual Studio Version 17
VisualStudioVersion = 17.7.34031.279
MinimumVisualStudioVersion = 10.0.40219.1
Project("{FAE04EC0-301F-11D3-BF4B-00C04F79EFBC}") = "Reverse an Array", "Reverse an Array\Reverse an Array.csproj", "{AC2A6C77-4289-4F05-B23A-531055963B0A}"
EndProject
Global
	GlobalSection(SolutionConfigurationPlatforms) = preSolution
		Debug|Any CPU = Debug|Any CPU
		Release|Any CPU = Release|Any CPU
	EndGlobalSection
	GlobalSection(ProjectConfigurationPlatforms) = postSolution
		{AC2A6C77-4289-4F05-B23A-531055963B0A}.Debug|Any CPU.ActiveCfg = Debug|Any CPU
		{AC2A6C77-4289-4F05-B23A-531055963B0A}.Debug|Any CPU.Build.0 = Debug|Any CPU
		{AC2A6C77-4289-4F05-B23A-531055963B0A}.Release|Any CPU.ActiveCfg = Release|Any CPU
		{AC2A6C77-4289-4F05-B23A-531055963B0A}.Release|Any CPU.Build.0 = Release|Any CPU
	EndGlobalSection
	GlobalSection(SolutionProperties) = preSolution
		HideSolutionNode = FALSE
	EndGlobalSection
	GlobalSection(ExtensibilityGlobals) = postSolution
		SolutionGuid = {5884D744-10B3-4300-B933-864CDAB5C371}
	EndGlobalSection
EndGlobal
