
Microsoft Visual Studio Solution File, Format Version 12.00
# Visual Studio Version 17
VisualStudioVersion = 17.7.34031.279
MinimumVisualStudioVersion = 10.0.40219.1
Project("{FAE04EC0-301F-11D3-BF4B-00C04F79EFBC}") = "Inches to Centimeters Converter", "Inches to Centimeters Converter\Inches to Centimeters Converter.csproj", "{3BA4B9ED-76B4-4141-A226-B804271CA59D}"
EndProject
Global
	GlobalSection(SolutionConfigurationPlatforms) = preSolution
		Debug|Any CPU = Debug|Any CPU
		Release|Any CPU = Release|Any CPU
	EndGlobalSection
	GlobalSection(ProjectConfigurationPlatforms) = postSolution
		{3BA4B9ED-76B4-4141-A226-B804271CA59D}.Debug|Any CPU.ActiveCfg = Debug|Any CPU
		{3BA4B9ED-76B4-4141-A226-B804271CA59D}.Debug|Any CPU.Build.0 = Debug|Any CPU
		{3BA4B9ED-76B4-4141-A226-B804271CA59D}.Release|Any CPU.ActiveCfg = Release|Any CPU
		{3BA4B9ED-76B4-4141-A226-B804271CA59D}.Release|Any CPU.Build.0 = Release|Any CPU
	EndGlobalSection
	GlobalSection(SolutionProperties) = preSolution
		HideSolutionNode = FALSE
	EndGlobalSection
	GlobalSection(ExtensibilityGlobals) = postSolution
		SolutionGuid = {A644881F-1476-4016-AF60-91350F4E46D5}
	EndGlobalSection
EndGlobal
