
Microsoft Visual Studio Solution File, Format Version 12.00
# Visual Studio Version 17
VisualStudioVersion = 17.7.34031.279
MinimumVisualStudioVersion = 10.0.40219.1
Project("{FAE04EC0-301F-11D3-BF4B-00C04F79EFBC}") = "Numbers From 1 to N over 3", "Numbers From 1 to N over 3\Numbers From 1 to N over 3.csproj", "{A1B30D2E-677C-4D59-A5C6-7C80AD0A14D8}"
EndProject
Global
	GlobalSection(SolutionConfigurationPlatforms) = preSolution
		Debug|Any CPU = Debug|Any CPU
		Release|Any CPU = Release|Any CPU
	EndGlobalSection
	GlobalSection(ProjectConfigurationPlatforms) = postSolution
		{A1B30D2E-677C-4D59-A5C6-7C80AD0A14D8}.Debug|Any CPU.ActiveCfg = Debug|Any CPU
		{A1B30D2E-677C-4D59-A5C6-7C80AD0A14D8}.Debug|Any CPU.Build.0 = Debug|Any CPU
		{A1B30D2E-677C-4D59-A5C6-7C80AD0A14D8}.Release|Any CPU.ActiveCfg = Release|Any CPU
		{A1B30D2E-677C-4D59-A5C6-7C80AD0A14D8}.Release|Any CPU.Build.0 = Release|Any CPU
	EndGlobalSection
	GlobalSection(SolutionProperties) = preSolution
		HideSolutionNode = FALSE
	EndGlobalSection
	GlobalSection(ExtensibilityGlobals) = postSolution
		SolutionGuid = {45542595-EDD6-4935-8428-9BCC8C4BEB31}
	EndGlobalSection
EndGlobal
