
Microsoft Visual Studio Solution File, Format Version 12.00
# Visual Studio Version 17
VisualStudioVersion = 17.7.34031.279
MinimumVisualStudioVersion = 10.0.40219.1
Project("{FAE04EC0-301F-11D3-BF4B-00C04F79EFBC}") = "Number In Range", "Number In Range\Number In Range.csproj", "{B8760737-9980-4ED4-BC69-948CEB201EEB}"
EndProject
Global
	GlobalSection(SolutionConfigurationPlatforms) = preSolution
		Debug|Any CPU = Debug|Any CPU
		Release|Any CPU = Release|Any CPU
	EndGlobalSection
	GlobalSection(ProjectConfigurationPlatforms) = postSolution
		{B8760737-9980-4ED4-BC69-948CEB201EEB}.Debug|Any CPU.ActiveCfg = Debug|Any CPU
		{B8760737-9980-4ED4-BC69-948CEB201EEB}.Debug|Any CPU.Build.0 = Debug|Any CPU
		{B8760737-9980-4ED4-BC69-948CEB201EEB}.Release|Any CPU.ActiveCfg = Release|Any CPU
		{B8760737-9980-4ED4-BC69-948CEB201EEB}.Release|Any CPU.Build.0 = Release|Any CPU
	EndGlobalSection
	GlobalSection(SolutionProperties) = preSolution
		HideSolutionNode = FALSE
	EndGlobalSection
	GlobalSection(ExtensibilityGlobals) = postSolution
		SolutionGuid = {1F8808F2-5E8B-4966-82E5-E65334C78B11}
	EndGlobalSection
EndGlobal
