
Microsoft Visual Studio Solution File, Format Version 12.00
# Visual Studio Version 17
VisualStudioVersion = 17.7.34031.279
MinimumVisualStudioVersion = 10.0.40219.1
Project("{FAE04EC0-301F-11D3-BF4B-00C04F79EFBC}") = "Cinema", "Cinema\Cinema.csproj", "{44AAA3B6-94FB-41C6-BB88-3AD2996E2EC5}"
EndProject
Global
	GlobalSection(SolutionConfigurationPlatforms) = preSolution
		Debug|Any CPU = Debug|Any CPU
		Release|Any CPU = Release|Any CPU
	EndGlobalSection
	GlobalSection(ProjectConfigurationPlatforms) = postSolution
		{44AAA3B6-94FB-41C6-BB88-3AD2996E2EC5}.Debug|Any CPU.ActiveCfg = Debug|Any CPU
		{44AAA3B6-94FB-41C6-BB88-3AD2996E2EC5}.Debug|Any CPU.Build.0 = Debug|Any CPU
		{44AAA3B6-94FB-41C6-BB88-3AD2996E2EC5}.Release|Any CPU.ActiveCfg = Release|Any CPU
		{44AAA3B6-94FB-41C6-BB88-3AD2996E2EC5}.Release|Any CPU.Build.0 = Release|Any CPU
	EndGlobalSection
	GlobalSection(SolutionProperties) = preSolution
		HideSolutionNode = FALSE
	EndGlobalSection
	GlobalSection(ExtensibilityGlobals) = postSolution
		SolutionGuid = {9FA6B641-55AB-4060-8786-3065D253A143}
	EndGlobalSection
EndGlobal
