
Microsoft Visual Studio Solution File, Format Version 12.00
# Visual Studio Version 17
VisualStudioVersion = 17.7.34031.279
MinimumVisualStudioVersion = 10.0.40219.1
Project("{FAE04EC0-301F-11D3-BF4B-00C04F79EFBC}") = "Ticket Price", "Ticket Price\Ticket Price.csproj", "{0FE6CE1E-D83B-4F71-B974-D383DB8BE479}"
EndProject
Global
	GlobalSection(SolutionConfigurationPlatforms) = preSolution
		Debug|Any CPU = Debug|Any CPU
		Release|Any CPU = Release|Any CPU
	EndGlobalSection
	GlobalSection(ProjectConfigurationPlatforms) = postSolution
		{0FE6CE1E-D83B-4F71-B974-D383DB8BE479}.Debug|Any CPU.ActiveCfg = Debug|Any CPU
		{0FE6CE1E-D83B-4F71-B974-D383DB8BE479}.Debug|Any CPU.Build.0 = Debug|Any CPU
		{0FE6CE1E-D83B-4F71-B974-D383DB8BE479}.Release|Any CPU.ActiveCfg = Release|Any CPU
		{0FE6CE1E-D83B-4F71-B974-D383DB8BE479}.Release|Any CPU.Build.0 = Release|Any CPU
	EndGlobalSection
	GlobalSection(SolutionProperties) = preSolution
		HideSolutionNode = FALSE
	EndGlobalSection
	GlobalSection(ExtensibilityGlobals) = postSolution
		SolutionGuid = {354AA08A-401C-414E-960B-85F8E1FD09AC}
	EndGlobalSection
EndGlobal
