
Microsoft Visual Studio Solution File, Format Version 12.00
# Visual Studio Version 17
VisualStudioVersion = 17.7.34031.279
MinimumVisualStudioVersion = 10.0.40219.1
Project("{FAE04EC0-301F-11D3-BF4B-00C04F79EFBC}") = "Multiplication Table", "Multiplication Table\Multiplication Table.csproj", "{296D979C-4087-4BC3-AE55-13B50B65C550}"
EndProject
Global
	GlobalSection(SolutionConfigurationPlatforms) = preSolution
		Debug|Any CPU = Debug|Any CPU
		Release|Any CPU = Release|Any CPU
	EndGlobalSection
	GlobalSection(ProjectConfigurationPlatforms) = postSolution
		{296D979C-4087-4BC3-AE55-13B50B65C550}.Debug|Any CPU.ActiveCfg = Debug|Any CPU
		{296D979C-4087-4BC3-AE55-13B50B65C550}.Debug|Any CPU.Build.0 = Debug|Any CPU
		{296D979C-4087-4BC3-AE55-13B50B65C550}.Release|Any CPU.ActiveCfg = Release|Any CPU
		{296D979C-4087-4BC3-AE55-13B50B65C550}.Release|Any CPU.Build.0 = Release|Any CPU
	EndGlobalSection
	GlobalSection(SolutionProperties) = preSolution
		HideSolutionNode = FALSE
	EndGlobalSection
	GlobalSection(ExtensibilityGlobals) = postSolution
		SolutionGuid = {5A4B0911-EC38-4539-B52C-52DD2D8E6816}
	EndGlobalSection
EndGlobal
