
Microsoft Visual Studio Solution File, Format Version 12.00
# Visual Studio Version 17
VisualStudioVersion = 17.7.34031.279
MinimumVisualStudioVersion = 10.0.40219.1
Project("{FAE04EC0-301F-11D3-BF4B-00C04F79EFBC}") = "Freezing Weather", "Freezing Weather\Freezing Weather.csproj", "{71CB5E12-B092-4144-A993-B80290E11A7B}"
EndProject
Global
	GlobalSection(SolutionConfigurationPlatforms) = preSolution
		Debug|Any CPU = Debug|Any CPU
		Release|Any CPU = Release|Any CPU
	EndGlobalSection
	GlobalSection(ProjectConfigurationPlatforms) = postSolution
		{71CB5E12-B092-4144-A993-B80290E11A7B}.Debug|Any CPU.ActiveCfg = Debug|Any CPU
		{71CB5E12-B092-4144-A993-B80290E11A7B}.Debug|Any CPU.Build.0 = Debug|Any CPU
		{71CB5E12-B092-4144-A993-B80290E11A7B}.Release|Any CPU.ActiveCfg = Release|Any CPU
		{71CB5E12-B092-4144-A993-B80290E11A7B}.Release|Any CPU.Build.0 = Release|Any CPU
	EndGlobalSection
	GlobalSection(SolutionProperties) = preSolution
		HideSolutionNode = FALSE
	EndGlobalSection
	GlobalSection(ExtensibilityGlobals) = postSolution
		SolutionGuid = {A650CDE5-12E8-438B-95C9-2006E40D928D}
	EndGlobalSection
EndGlobal
