
Microsoft Visual Studio Solution File, Format Version 12.00
# Visual Studio Version 17
VisualStudioVersion = 17.7.34031.279
MinimumVisualStudioVersion = 10.0.40219.1
Project("{FAE04EC0-301F-11D3-BF4B-00C04F79EFBC}") = "Hello C#", "Hello C#\Hello C#.csproj", "{EB2F5947-E25E-4B7B-8D52-CF97A983D2C3}"
EndProject
Global
	GlobalSection(SolutionConfigurationPlatforms) = preSolution
		Debug|Any CPU = Debug|Any CPU
		Release|Any CPU = Release|Any CPU
	EndGlobalSection
	GlobalSection(ProjectConfigurationPlatforms) = postSolution
		{EB2F5947-E25E-4B7B-8D52-CF97A983D2C3}.Debug|Any CPU.ActiveCfg = Debug|Any CPU
		{EB2F5947-E25E-4B7B-8D52-CF97A983D2C3}.Debug|Any CPU.Build.0 = Debug|Any CPU
		{EB2F5947-E25E-4B7B-8D52-CF97A983D2C3}.Release|Any CPU.ActiveCfg = Release|Any CPU
		{EB2F5947-E25E-4B7B-8D52-CF97A983D2C3}.Release|Any CPU.Build.0 = Release|Any CPU
	EndGlobalSection
	GlobalSection(SolutionProperties) = preSolution
		HideSolutionNode = FALSE
	EndGlobalSection
	GlobalSection(ExtensibilityGlobals) = postSolution
		SolutionGuid = {BB8F5164-883C-4A24-93F2-71C2E6D4056E}
	EndGlobalSection
EndGlobal
