
Microsoft Visual Studio Solution File, Format Version 12.00
# Visual Studio Version 17
VisualStudioVersion = 17.7.34031.279
MinimumVisualStudioVersion = 10.0.40219.1
Project("{FAE04EC0-301F-11D3-BF4B-00C04F79EFBC}") = "Marketplace", "Marketplace\Marketplace.csproj", "{ADF5C977-B47C-4023-81E1-5E100C22A8C5}"
EndProject
Global
	GlobalSection(SolutionConfigurationPlatforms) = preSolution
		Debug|Any CPU = Debug|Any CPU
		Release|Any CPU = Release|Any CPU
	EndGlobalSection
	GlobalSection(ProjectConfigurationPlatforms) = postSolution
		{ADF5C977-B47C-4023-81E1-5E100C22A8C5}.Debug|Any CPU.ActiveCfg = Debug|Any CPU
		{ADF5C977-B47C-4023-81E1-5E100C22A8C5}.Debug|Any CPU.Build.0 = Debug|Any CPU
		{ADF5C977-B47C-4023-81E1-5E100C22A8C5}.Release|Any CPU.ActiveCfg = Release|Any CPU
		{ADF5C977-B47C-4023-81E1-5E100C22A8C5}.Release|Any CPU.Build.0 = Release|Any CPU
	EndGlobalSection
	GlobalSection(SolutionProperties) = preSolution
		HideSolutionNode = FALSE
	EndGlobalSection
	GlobalSection(ExtensibilityGlobals) = postSolution
		SolutionGuid = {D64295DE-47BF-44B9-835C-56D657BC4B30}
	EndGlobalSection
EndGlobal
