
Microsoft Visual Studio Solution File, Format Version 12.00
# Visual Studio Version 17
VisualStudioVersion = 17.7.34031.279
MinimumVisualStudioVersion = 10.0.40219.1
Project("{FAE04EC0-301F-11D3-BF4B-00C04F79EFBC}") = "Remove Negatives and Reverse", "Remove Negatives and Reverse\Remove Negatives and Reverse.csproj", "{7D9109AE-3205-4ACE-A4E7-DE4A9B573663}"
EndProject
Global
	GlobalSection(SolutionConfigurationPlatforms) = preSolution
		Debug|Any CPU = Debug|Any CPU
		Release|Any CPU = Release|Any CPU
	EndGlobalSection
	GlobalSection(ProjectConfigurationPlatforms) = postSolution
		{7D9109AE-3205-4ACE-A4E7-DE4A9B573663}.Debug|Any CPU.ActiveCfg = Debug|Any CPU
		{7D9109AE-3205-4ACE-A4E7-DE4A9B573663}.Debug|Any CPU.Build.0 = Debug|Any CPU
		{7D9109AE-3205-4ACE-A4E7-DE4A9B573663}.Release|Any CPU.ActiveCfg = Release|Any CPU
		{7D9109AE-3205-4ACE-A4E7-DE4A9B573663}.Release|Any CPU.Build.0 = Release|Any CPU
	EndGlobalSection
	GlobalSection(SolutionProperties) = preSolution
		HideSolutionNode = FALSE
	EndGlobalSection
	GlobalSection(ExtensibilityGlobals) = postSolution
		SolutionGuid = {B384635F-B905-498D-A2D1-895FE7A6957A}
	EndGlobalSection
EndGlobal
