
Microsoft Visual Studio Solution File, Format Version 12.00
# Visual Studio Version 17
VisualStudioVersion = 17.7.34031.279
MinimumVisualStudioVersion = 10.0.40219.1
Project("{FAE04EC0-301F-11D3-BF4B-00C04F79EFBC}") = "List of Products", "List of Products\List of Products.csproj", "{0264BF26-EADC-4B6F-9989-2D6AAE75B063}"
EndProject
Global
	GlobalSection(SolutionConfigurationPlatforms) = preSolution
		Debug|Any CPU = Debug|Any CPU
		Release|Any CPU = Release|Any CPU
	EndGlobalSection
	GlobalSection(ProjectConfigurationPlatforms) = postSolution
		{0264BF26-EADC-4B6F-9989-2D6AAE75B063}.Debug|Any CPU.ActiveCfg = Debug|Any CPU
		{0264BF26-EADC-4B6F-9989-2D6AAE75B063}.Debug|Any CPU.Build.0 = Debug|Any CPU
		{0264BF26-EADC-4B6F-9989-2D6AAE75B063}.Release|Any CPU.ActiveCfg = Release|Any CPU
		{0264BF26-EADC-4B6F-9989-2D6AAE75B063}.Release|Any CPU.Build.0 = Release|Any CPU
	EndGlobalSection
	GlobalSection(SolutionProperties) = preSolution
		HideSolutionNode = FALSE
	EndGlobalSection
	GlobalSection(ExtensibilityGlobals) = postSolution
		SolutionGuid = {5FD6D048-EA93-4E39-B126-7839BFC2A0AD}
	EndGlobalSection
EndGlobal
