
Microsoft Visual Studio Solution File, Format Version 12.00
# Visual Studio Version 17
VisualStudioVersion = 17.7.34031.279
MinimumVisualStudioVersion = 10.0.40219.1
Project("{FAE04EC0-301F-11D3-BF4B-00C04F79EFBC}") = "Person Info", "Person Info\Person Info.csproj", "{118B623F-3401-45E6-BE1C-2C689A3CC0E5}"
EndProject
Global
	GlobalSection(SolutionConfigurationPlatforms) = preSolution
		Debug|Any CPU = Debug|Any CPU
		Release|Any CPU = Release|Any CPU
	EndGlobalSection
	GlobalSection(ProjectConfigurationPlatforms) = postSolution
		{118B623F-3401-45E6-BE1C-2C689A3CC0E5}.Debug|Any CPU.ActiveCfg = Debug|Any CPU
		{118B623F-3401-45E6-BE1C-2C689A3CC0E5}.Debug|Any CPU.Build.0 = Debug|Any CPU
		{118B623F-3401-45E6-BE1C-2C689A3CC0E5}.Release|Any CPU.ActiveCfg = Release|Any CPU
		{118B623F-3401-45E6-BE1C-2C689A3CC0E5}.Release|Any CPU.Build.0 = Release|Any CPU
	EndGlobalSection
	GlobalSection(SolutionProperties) = preSolution
		HideSolutionNode = FALSE
	EndGlobalSection
	GlobalSection(ExtensibilityGlobals) = postSolution
		SolutionGuid = {BECF705C-275C-4B17-9E57-D04647A9700B}
	EndGlobalSection
EndGlobal
